
Microsoft Visual Studio Solution File, Format Version 12.00
# Visual Studio Version 16
VisualStudioVersion = 16.0.30011.22
MinimumVisualStudioVersion = 10.0.40219.1
Project("{E53339B2-1760-4266-BCC7-CA923CBCF16C}") = "docker-compose", "docker-compose.dcproj", "{891DADD1-1E08-4A0F-859F-CB54B37BE850}"
EndProject
Project("{9A19103F-16F7-4668-BE54-9A1E7A4F7556}") = "Abarnathy.BlazorClient.Server", "Abarnathy.BlazorClient\Server\Abarnathy.BlazorClient.Server.csproj", "{13565B8F-7B50-469B-B269-81DC5871D322}"
EndProject
Project("{9A19103F-16F7-4668-BE54-9A1E7A4F7556}") = "Abarnathy.BlazorClient.Client", "Abarnathy.BlazorClient\Client\Abarnathy.BlazorClient.Client.csproj", "{14910213-C180-4EEB-B481-6A9762469F37}"
EndProject
Project("{9A19103F-16F7-4668-BE54-9A1E7A4F7556}") = "Abarnathy.DemographicsAPI", "Abarnathy.DemographicsAPI\src\Abarnathy.DemographicsAPI.csproj", "{9C013AC1-86FB-48DD-9503-7DE87AF8382E}"
EndProject
Project("{9A19103F-16F7-4668-BE54-9A1E7A4F7556}") = "Abarnathy.DemographicsAPI.Test.Unit", "Abarnathy.DemographicsAPI\Test\Abarnathy.DemographicsAPI.Test.Unit\Abarnathy.DemographicsAPI.Test.Unit.csproj", "{46787498-BB13-4393-879D-4EEF54DC0CAA}"
EndProject
Project("{9A19103F-16F7-4668-BE54-9A1E7A4F7556}") = "Abarnathy.DemographicsAPI.Test.Integration", "Abarnathy.DemographicsAPI\Test\Abarnathy.DemographicsAPI.Test.Integration\Abarnathy.DemographicsAPI.Test.Integration.csproj", "{C2D944EC-037E-4A6E-B05E-FE25FCEC3037}"
EndProject
Project("{2150E333-8FDC-42A3-9474-1A3956D46DE8}") = "APIs", "APIs", "{93F5489A-7C33-45AD-9197-BDCB1A2CD9B0}"
EndProject
Project("{2150E333-8FDC-42A3-9474-1A3956D46DE8}") = "Test", "Test", "{41577B56-3321-4CDB-ABDF-6C791A74E55B}"
EndProject
Project("{2150E333-8FDC-42A3-9474-1A3956D46DE8}") = "Client", "Client", "{491F72FA-F17C-42C7-A387-552BCB85A93E}"
EndProject
Project("{9A19103F-16F7-4668-BE54-9A1E7A4F7556}") = "Abarnathy.HistoryAPI", "Abarnathy.HistoryAPI\src\Abarnathy.HistoryAPI.csproj", "{0CD537E5-6A3B-4D25-97E9-5D46780262EF}"
EndProject
Project("{FAE04EC0-301F-11D3-BF4B-00C04F79EFBC}") = "Abarnathy.HistoryAPI.Test", "Abarnathy.HistoryAPI\Test\Abarnathy.HistoryAPI.Test\Abarnathy.HistoryAPI.Test.csproj", "{51890BCC-638C-4740-911F-C86A9B5E8ACB}"
EndProject
Global
	GlobalSection(SolutionConfigurationPlatforms) = preSolution
		Debug|Any CPU = Debug|Any CPU
		Release|Any CPU = Release|Any CPU
	EndGlobalSection
	GlobalSection(ProjectConfigurationPlatforms) = postSolution
		{891DADD1-1E08-4A0F-859F-CB54B37BE850}.Debug|Any CPU.ActiveCfg = Debug|Any CPU
		{891DADD1-1E08-4A0F-859F-CB54B37BE850}.Release|Any CPU.ActiveCfg = Release|Any CPU
		{891DADD1-1E08-4A0F-859F-CB54B37BE850}.Release|Any CPU.Build.0 = Release|Any CPU
		{13565B8F-7B50-469B-B269-81DC5871D322}.Debug|Any CPU.ActiveCfg = Debug|Any CPU
		{13565B8F-7B50-469B-B269-81DC5871D322}.Debug|Any CPU.Build.0 = Debug|Any CPU
		{13565B8F-7B50-469B-B269-81DC5871D322}.Release|Any CPU.ActiveCfg = Release|Any CPU
		{13565B8F-7B50-469B-B269-81DC5871D322}.Release|Any CPU.Build.0 = Release|Any CPU
		{14910213-C180-4EEB-B481-6A9762469F37}.Debug|Any CPU.ActiveCfg = Debug|Any CPU
		{14910213-C180-4EEB-B481-6A9762469F37}.Debug|Any CPU.Build.0 = Debug|Any CPU
		{14910213-C180-4EEB-B481-6A9762469F37}.Release|Any CPU.ActiveCfg = Release|Any CPU
		{14910213-C180-4EEB-B481-6A9762469F37}.Release|Any CPU.Build.0 = Release|Any CPU
		{9C013AC1-86FB-48DD-9503-7DE87AF8382E}.Debug|Any CPU.ActiveCfg = Debug|Any CPU
		{9C013AC1-86FB-48DD-9503-7DE87AF8382E}.Debug|Any CPU.Build.0 = Debug|Any CPU
		{9C013AC1-86FB-48DD-9503-7DE87AF8382E}.Release|Any CPU.ActiveCfg = Release|Any CPU
		{9C013AC1-86FB-48DD-9503-7DE87AF8382E}.Release|Any CPU.Build.0 = Release|Any CPU
		{46787498-BB13-4393-879D-4EEF54DC0CAA}.Debug|Any CPU.ActiveCfg = Debug|Any CPU
		{46787498-BB13-4393-879D-4EEF54DC0CAA}.Debug|Any CPU.Build.0 = Debug|Any CPU
		{46787498-BB13-4393-879D-4EEF54DC0CAA}.Release|Any CPU.ActiveCfg = Release|Any CPU
		{46787498-BB13-4393-879D-4EEF54DC0CAA}.Release|Any CPU.Build.0 = Release|Any CPU
		{C2D944EC-037E-4A6E-B05E-FE25FCEC3037}.Debug|Any CPU.ActiveCfg = Debug|Any CPU
		{C2D944EC-037E-4A6E-B05E-FE25FCEC3037}.Debug|Any CPU.Build.0 = Debug|Any CPU
		{C2D944EC-037E-4A6E-B05E-FE25FCEC3037}.Release|Any CPU.ActiveCfg = Release|Any CPU
		{C2D944EC-037E-4A6E-B05E-FE25FCEC3037}.Release|Any CPU.Build.0 = Release|Any CPU
		{0CD537E5-6A3B-4D25-97E9-5D46780262EF}.Debug|Any CPU.ActiveCfg = Debug|Any CPU
		{0CD537E5-6A3B-4D25-97E9-5D46780262EF}.Debug|Any CPU.Build.0 = Debug|Any CPU
		{0CD537E5-6A3B-4D25-97E9-5D46780262EF}.Release|Any CPU.ActiveCfg = Release|Any CPU
		{0CD537E5-6A3B-4D25-97E9-5D46780262EF}.Release|Any CPU.Build.0 = Release|Any CPU
		{51890BCC-638C-4740-911F-C86A9B5E8ACB}.Debug|Any CPU.ActiveCfg = Debug|Any CPU
		{51890BCC-638C-4740-911F-C86A9B5E8ACB}.Debug|Any CPU.Build.0 = Debug|Any CPU
		{51890BCC-638C-4740-911F-C86A9B5E8ACB}.Release|Any CPU.ActiveCfg = Release|Any CPU
		{51890BCC-638C-4740-911F-C86A9B5E8ACB}.Release|Any CPU.Build.0 = Release|Any CPU
	EndGlobalSection
	GlobalSection(SolutionProperties) = preSolution
		HideSolutionNode = FALSE
	EndGlobalSection
	GlobalSection(NestedProjects) = preSolution
		{13565B8F-7B50-469B-B269-81DC5871D322} = {491F72FA-F17C-42C7-A387-552BCB85A93E}
		{14910213-C180-4EEB-B481-6A9762469F37} = {491F72FA-F17C-42C7-A387-552BCB85A93E}
		{9C013AC1-86FB-48DD-9503-7DE87AF8382E} = {93F5489A-7C33-45AD-9197-BDCB1A2CD9B0}
		{46787498-BB13-4393-879D-4EEF54DC0CAA} = {41577B56-3321-4CDB-ABDF-6C791A74E55B}
		{C2D944EC-037E-4A6E-B05E-FE25FCEC3037} = {41577B56-3321-4CDB-ABDF-6C791A74E55B}
		{0CD537E5-6A3B-4D25-97E9-5D46780262EF} = {93F5489A-7C33-45AD-9197-BDCB1A2CD9B0}
		{51890BCC-638C-4740-911F-C86A9B5E8ACB} = {41577B56-3321-4CDB-ABDF-6C791A74E55B}
	EndGlobalSection
	GlobalSection(ExtensibilityGlobals) = postSolution
		SolutionGuid = {835E535C-1F98-48D8-81F3-8304DEEDEA64}
	EndGlobalSection
EndGlobal
